Microsoft Visual Studio Solution File, Format Version 12.00
# Visual Studio Version 16
VisualStudioVersion = 16.0.30002.166
MinimumVisualStudioVersion = 10.0.40219.1
Project("{8BC9CEB8-8B4A-11D0-8D11-00A0C91BC942}") = "ogis-godbolt.examples", "future-cpp-loop\ogis-godbolt.examples\ogis-godbolt.examples.vcxproj", "{8BC8DD06-CC15-4A22-A060-01520C22C062}"
	ProjectSection(ProjectDependencies) = postProject
		{82694245-5C5C-4C72-A890-24D4E0946334} = {82694245-5C5C-4C72-A890-24D4E0946334}
	EndProjectSection
EndProject
Project("{2150E333-8FDC-42A3-9474-1A3956D46DE8}") = "future-cpp-loop", "future-cpp-loop", "{60545970-3DA9-47FB-8F35-C738D5FFAE32}"
EndProject
Project("{8BC9CEB8-8B4A-11D0-8D11-00A0C91BC942}") = "ogis-cpp-loop", "future-cpp-loop\ogis-cpp-loop\ogis-cpp-loop.vcxproj", "{82694245-5C5C-4C72-A890-24D4E0946334}"
EndProject
Project("{8BC9CEB8-8B4A-11D0-8D11-00A0C91BC942}") = "ogis-cpp-loop.examples", "future-cpp-loop\ogis-cpp-loop.examples\ogis-cpp-loop.examples.vcxproj", "{D02B40A8-BC10-4E40-9847-D255F377471D}"
	ProjectSection(ProjectDependencies) = postProject
		{82694245-5C5C-4C72-A890-24D4E0946334} = {82694245-5C5C-4C72-A890-24D4E0946334}
	EndProjectSection
EndProject
Global
	GlobalSection(SolutionConfigurationPlatforms) = preSolution
		Debug|x64 = Debug|x64
		Debug|x86 = Debug|x86
		Release|x64 = Release|x64
		Release|x86 = Release|x86
	EndGlobalSection
	GlobalSection(ProjectConfigurationPlatforms) = postSolution
		{8BC8DD06-CC15-4A22-A060-01520C22C062}.Debug|x64.ActiveCfg = Debug|x64
		{8BC8DD06-CC15-4A22-A060-01520C22C062}.Debug|x64.Build.0 = Debug|x64
		{8BC8DD06-CC15-4A22-A060-01520C22C062}.Debug|x86.ActiveCfg = Debug|Win32
		{8BC8DD06-CC15-4A22-A060-01520C22C062}.Debug|x86.Build.0 = Debug|Win32
		{8BC8DD06-CC15-4A22-A060-01520C22C062}.Release|x64.ActiveCfg = Release|x64
		{8BC8DD06-CC15-4A22-A060-01520C22C062}.Release|x64.Build.0 = Release|x64
		{8BC8DD06-CC15-4A22-A060-01520C22C062}.Release|x86.ActiveCfg = Release|Win32
		{8BC8DD06-CC15-4A22-A060-01520C22C062}.Release|x86.Build.0 = Release|Win32
		{82694245-5C5C-4C72-A890-24D4E0946334}.Debug|x64.ActiveCfg = Debug|x64
		{82694245-5C5C-4C72-A890-24D4E0946334}.Debug|x64.Build.0 = Debug|x64
		{82694245-5C5C-4C72-A890-24D4E0946334}.Debug|x86.ActiveCfg = Debug|Win32
		{82694245-5C5C-4C72-A890-24D4E0946334}.Debug|x86.Build.0 = Debug|Win32
		{82694245-5C5C-4C72-A890-24D4E0946334}.Release|x64.ActiveCfg = Release|x64
		{82694245-5C5C-4C72-A890-24D4E0946334}.Release|x64.Build.0 = Release|x64
		{82694245-5C5C-4C72-A890-24D4E0946334}.Release|x86.ActiveCfg = Release|Win32
		{82694245-5C5C-4C72-A890-24D4E0946334}.Release|x86.Build.0 = Release|Win32
		{D02B40A8-BC10-4E40-9847-D255F377471D}.Debug|x64.ActiveCfg = Debug|x64
		{D02B40A8-BC10-4E40-9847-D255F377471D}.Debug|x64.Build.0 = Debug|x64
		{D02B40A8-BC10-4E40-9847-D255F377471D}.Debug|x86.ActiveCfg = Debug|Win32
		{D02B40A8-BC10-4E40-9847-D255F377471D}.Debug|x86.Build.0 = Debug|Win32
		{D02B40A8-BC10-4E40-9847-D255F377471D}.Release|x64.ActiveCfg = Release|x64
		{D02B40A8-BC10-4E40-9847-D255F377471D}.Release|x64.Build.0 = Release|x64
		{D02B40A8-BC10-4E40-9847-D255F377471D}.Release|x86.ActiveCfg = Release|Win32
		{D02B40A8-BC10-4E40-9847-D255F377471D}.Release|x86.Build.0 = Release|Win32
	EndGlobalSection
	GlobalSection(SolutionProperties) = preSolution
		HideSolutionNode = FALSE
	EndGlobalSection
	GlobalSection(NestedProjects) = preSolution
		{8BC8DD06-CC15-4A22-A060-01520C22C062} = {60545970-3DA9-47FB-8F35-C738D5FFAE32}
		{82694245-5C5C-4C72-A890-24D4E0946334} = {60545970-3DA9-47FB-8F35-C738D5FFAE32}
		{D02B40A8-BC10-4E40-9847-D255F377471D} = {60545970-3DA9-47FB-8F35-C738D5FFAE32}
	EndGlobalSection
	GlobalSection(ExtensibilityGlobals) = postSolution
		SolutionGuid = {8F6F4EFC-1222-4B48-8CF9-8EFF530D7C2B}
	EndGlobalSection
EndGlobal
