<?xml version="1.0" encoding="utf-8"?>
<Project xmlns="http://schemas.microsoft.com/developer/msbuild/2003">
  <ItemGroup>
    <Filter Include="Header Files">
      <UniqueIdentifier>{93995380-89BD-4b04-88EB-625FBE52EBFB}</UniqueIdentifier>
      <Extensions>h;hpp;hxx;hm;inl;inc;xsd</Extensions>
    </Filter>
    <Filter Include="Header Files">
      <UniqueIdentifier>{93995380-89BD-4b04-88EB-625FBE52EBFB}</UniqueIdentifier>
      <Extensions>h;hpp;hxx;hm;inl;inc;xsd</Extensions>
    </Filter>
    <Filter Include="Source Files">
      <UniqueIdentifier>{4FC737F1-C7A5-4376-A066-2A32D752A2FF}</UniqueIdentifier>
      <Extensions>cpp;c;cxx;def;odl;idl;hpj;bat;asm;asmx</Extensions>
    </Filter>
    <Filter Include="Source Files">
      <UniqueIdentifier>{4FC737F1-C7A5-4376-A066-2A32D752A2FF}</UniqueIdentifier>
      <Extensions>cpp;c;cxx;def;odl;idl;hpj;bat;asm;asmx</Extensions>
    </Filter>
    <Filter Include="Distribution Files">
      <UniqueIdentifier>{B83CAF91-C7BF-462F-B76C-EA11631F866C}</UniqueIdentifier>
      <Extensions>*</Extensions>
      <ParseFiles>false</ParseFiles>
    </Filter>
    <Filter Include="Distribution Files">
      <UniqueIdentifier>{B83CAF91-C7BF-462F-B76C-EA11631F866C}</UniqueIdentifier>
      <Extensions>*</Extensions>
      <ParseFiles>false</ParseFiles>
    </Filter>
  </ItemGroup>
  <ItemGroup>
    <ClCompile Include="ogis-cpp-loop.examples\examples\asciishapes_using_for.cpp">
      <Filter>Source Files</Filter>
    </ClCompile>
    <ClCompile Include="ogis-cpp-loop.examples\examples\asciishapes_using_loop.cpp">
      <Filter>Source Files</Filter>
    </ClCompile>
    <ClCompile Include="ogis-cpp-loop.examples\examples\example_matrix.cpp">
      <Filter>Source Files</Filter>
    </ClCompile>
    <ClCompile Include="ogis-cpp-loop.examples\examples\main.cpp">
      <Filter>Source Files</Filter>
    </ClCompile>
    <ClCompile Include="ogis-godbolt.examples\ogis-loop-godbolt-example.cpp">
      <Filter>Source Files</Filter>
    </ClCompile>
    <ClCompile Include="ogis-cpp-loop.examples\examples\tests_loops.cpp">
      <Filter>Source Files</Filter>
    </ClCompile>
  </ItemGroup>
  <ItemGroup>
    <ClInclude Include="ogis-cpp-loop\asciiart.hpp">
      <Filter>Header Files</Filter>
    </ClInclude>
    <ClInclude Include="ogis-cpp-loop.examples\examples\asciishapes.hpp">
      <Filter>Header Files</Filter>
    </ClInclude>
    <ClInclude Include="ogis-cpp-loop\include\cpploop.h">
      <Filter>Header Files</Filter>
    </ClInclude>
    <ClInclude Include="ogis-cpp-loop\include\loop">
      <Filter>Header Files</Filter>
    </ClInclude>
    <ClInclude Include="ogis-cpp-loop.examples\examples\matrix.hpp">
      <Filter>Header Files</Filter>
    </ClInclude>
    <ClInclude Include="ogis-cpp-loop.examples\examples\matrix_io.hpp">
      <Filter>Header Files</Filter>
    </ClInclude>
  </ItemGroup>
  <ItemGroup>
    <None Include="INSTALL.txt">
      <Filter>Distribution Files</Filter>
    </None>
  </ItemGroup>
</Project>